# generated by rye
# use `rye lock` or `rye sync` to update this lockfile
#
# last locked with the following flags:
#   pre: false
#   features: []
#   all-features: false
#   with-sources: false
#   generate-hashes: false
#   universal: false

-e file:.
loguru==0.7.2
    # via ellishape-cli
memoization==0.4.0
    # via ellishape-cli
numpy==1.26.4
    # via ellishape-cli
    # via opencv-python
opencv-python==4.10.0.84
    # via ellishape-cli
