# generated by rye
# use `rye lock` or `rye sync` to update this lockfile
#
# last locked with the following flags:
#   pre: false
#   features: []
#   all-features: false
#   with-sources: false
#   generate-hashes: false
#   universal: false

-e file:.
biopython==1.84
    # via ellishape-cli
colorama==0.4.6
    # via loguru
loguru==0.7.2
    # via ellishape-cli
memoization==0.4.0
    # via ellishape-cli
numpy==2.2.1
    # via biopython
    # via ellishape-cli
    # via opencv-contrib-python
opencv-contrib-python==4.10.0.84
    # via ellishape-cli
win32-setctime==1.2.0
    # via loguru
